
Microsoft Visual Studio Solution File, Format Version 12.00
# Visual Studio Version 17
VisualStudioVersion = 17.3.32811.315
MinimumVisualStudioVersion = 10.0.40219.1
Project("{FAE04EC0-301F-11D3-BF4B-00C04F79EFBC}") = "LinkedList", "LinkedList.csproj", "{238A62F4-0BCA-4654-B8F2-8813D76BE4B1}"
EndProject
Global
	GlobalSection(SolutionConfigurationPlatforms) = preSolution
		Debug|Any CPU = Debug|Any CPU
		Release|Any CPU = Release|Any CPU
	EndGlobalSection
	GlobalSection(ProjectConfigurationPlatforms) = postSolution
		{238A62F4-0BCA-4654-B8F2-8813D76BE4B1}.Debug|Any CPU.ActiveCfg = Debug|Any CPU
		{238A62F4-0BCA-4654-B8F2-8813D76BE4B1}.Debug|Any CPU.Build.0 = Debug|Any CPU
		{238A62F4-0BCA-4654-B8F2-8813D76BE4B1}.Release|Any CPU.ActiveCfg = Release|Any CPU
		{238A62F4-0BCA-4654-B8F2-8813D76BE4B1}.Release|Any CPU.Build.0 = Release|Any CPU
	EndGlobalSection
	GlobalSection(SolutionProperties) = preSolution
		HideSolutionNode = FALSE
	EndGlobalSection
	GlobalSection(ExtensibilityGlobals) = postSolution
		SolutionGuid = {454C7985-68DC-472B-A78E-94F51AE2B8EF}
	EndGlobalSection
EndGlobal
